
Microsoft Visual Studio Solution File, Format Version 12.00
# Visual Studio Version 17
VisualStudioVersion = 17.12.35527.113
MinimumVisualStudioVersion = 10.0.40219.1
Project("{FAE04EC0-301F-11D3-BF4B-00C04F79EFBC}") = "SolvitaireCore", "SolvitaireCore\SolvitaireCore.csproj", "{91C41C76-A703-4317-A8E7-4C08BABB8FA9}"
EndProject
Project("{FAE04EC0-301F-11D3-BF4B-00C04F79EFBC}") = "Test", "Test\Test.csproj", "{930C4C79-68DE-4CDC-B2C3-9FE680528C7B}"
EndProject
Project("{FAE04EC0-301F-11D3-BF4B-00C04F79EFBC}") = "SolvitaireGUI", "SolvitaireGUI\SolvitaireGUI.csproj", "{5A0132C7-3969-4002-971B-E1CE99398BB7}"
EndProject
Project("{FAE04EC0-301F-11D3-BF4B-00C04F79EFBC}") = "SolvitaireCMD", "SolvitaireCMD\SolvitaireCMD.csproj", "{AE70814A-9AB6-4E75-9318-78F751D7110D}"
EndProject
Project("{FAE04EC0-301F-11D3-BF4B-00C04F79EFBC}") = "SolvitaireGenetics", "SolvitaireGenetics\SolvitaireGenetics.csproj", "{209CBEB5-D1A2-4661-81D7-F406F1D8D73D}"
EndProject
Project("{FAE04EC0-301F-11D3-BF4B-00C04F79EFBC}") = "SolvitaireIO", "SolvitaireIO\SolvitaireIO.csproj", "{2EDC0152-D200-434D-9DF0-04D38EF2A69A}"
EndProject
Global
	GlobalSection(SolutionConfigurationPlatforms) = preSolution
		Debug|Any CPU = Debug|Any CPU
		Release|Any CPU = Release|Any CPU
	EndGlobalSection
	GlobalSection(ProjectConfigurationPlatforms) = postSolution
		{91C41C76-A703-4317-A8E7-4C08BABB8FA9}.Debug|Any CPU.ActiveCfg = Debug|Any CPU
		{91C41C76-A703-4317-A8E7-4C08BABB8FA9}.Debug|Any CPU.Build.0 = Debug|Any CPU
		{91C41C76-A703-4317-A8E7-4C08BABB8FA9}.Release|Any CPU.ActiveCfg = Release|Any CPU
		{91C41C76-A703-4317-A8E7-4C08BABB8FA9}.Release|Any CPU.Build.0 = Release|Any CPU
		{930C4C79-68DE-4CDC-B2C3-9FE680528C7B}.Debug|Any CPU.ActiveCfg = Debug|Any CPU
		{930C4C79-68DE-4CDC-B2C3-9FE680528C7B}.Debug|Any CPU.Build.0 = Debug|Any CPU
		{930C4C79-68DE-4CDC-B2C3-9FE680528C7B}.Release|Any CPU.ActiveCfg = Release|Any CPU
		{930C4C79-68DE-4CDC-B2C3-9FE680528C7B}.Release|Any CPU.Build.0 = Release|Any CPU
		{5A0132C7-3969-4002-971B-E1CE99398BB7}.Debug|Any CPU.ActiveCfg = Debug|Any CPU
		{5A0132C7-3969-4002-971B-E1CE99398BB7}.Debug|Any CPU.Build.0 = Debug|Any CPU
		{5A0132C7-3969-4002-971B-E1CE99398BB7}.Release|Any CPU.ActiveCfg = Release|Any CPU
		{5A0132C7-3969-4002-971B-E1CE99398BB7}.Release|Any CPU.Build.0 = Release|Any CPU
		{AE70814A-9AB6-4E75-9318-78F751D7110D}.Debug|Any CPU.ActiveCfg = Debug|Any CPU
		{AE70814A-9AB6-4E75-9318-78F751D7110D}.Debug|Any CPU.Build.0 = Debug|Any CPU
		{AE70814A-9AB6-4E75-9318-78F751D7110D}.Release|Any CPU.ActiveCfg = Release|Any CPU
		{AE70814A-9AB6-4E75-9318-78F751D7110D}.Release|Any CPU.Build.0 = Release|Any CPU
		{209CBEB5-D1A2-4661-81D7-F406F1D8D73D}.Debug|Any CPU.ActiveCfg = Debug|Any CPU
		{209CBEB5-D1A2-4661-81D7-F406F1D8D73D}.Debug|Any CPU.Build.0 = Debug|Any CPU
		{209CBEB5-D1A2-4661-81D7-F406F1D8D73D}.Release|Any CPU.ActiveCfg = Release|Any CPU
		{209CBEB5-D1A2-4661-81D7-F406F1D8D73D}.Release|Any CPU.Build.0 = Release|Any CPU
		{2EDC0152-D200-434D-9DF0-04D38EF2A69A}.Debug|Any CPU.ActiveCfg = Debug|Any CPU
		{2EDC0152-D200-434D-9DF0-04D38EF2A69A}.Debug|Any CPU.Build.0 = Debug|Any CPU
		{2EDC0152-D200-434D-9DF0-04D38EF2A69A}.Release|Any CPU.ActiveCfg = Release|Any CPU
		{2EDC0152-D200-434D-9DF0-04D38EF2A69A}.Release|Any CPU.Build.0 = Release|Any CPU
	EndGlobalSection
	GlobalSection(SolutionProperties) = preSolution
		HideSolutionNode = FALSE
	EndGlobalSection
EndGlobal
